
Microsoft Visual Studio Solution File, Format Version 12.00
# Visual Studio Version 17
VisualStudioVersion = 17.0.32126.317
MinimumVisualStudioVersion = 10.0.40219.1
Project("{FAE04EC0-301F-11D3-BF4B-00C04F79EFBC}") = "MudBlazorTemplates1.Client", "MudBlazorTemplates1\Client\MudBlazorTemplates1.Client.csproj", "{FE11915E-0653-4BB5-8B79-F37ED1FB425A}"
EndProject
Project("{FAE04EC0-301F-11D3-BF4B-00C04F79EFBC}") = "MudBlazorTemplates1.Server", "MudBlazorTemplates1\Server\MudBlazorTemplates1.Server.csproj", "{EDC49381-2065-4E0F-9F27-253F15BA2A06}"
EndProject
Project("{FAE04EC0-301F-11D3-BF4B-00C04F79EFBC}") = "MudBlazorTemplates1.Shared", "MudBlazorTemplates1\Shared\MudBlazorTemplates1.Shared.csproj", "{0B174661-CBBD-4F69-BDA3-1F824C2A883F}"
EndProject
Global
	GlobalSection(SolutionConfigurationPlatforms) = preSolution
		Debug|Any CPU = Debug|Any CPU
		Release|Any CPU = Release|Any CPU
	EndGlobalSection
	GlobalSection(ProjectConfigurationPlatforms) = postSolution
		{FE11915E-0653-4BB5-8B79-F37ED1FB425A}.Debug|Any CPU.ActiveCfg = Debug|Any CPU
		{FE11915E-0653-4BB5-8B79-F37ED1FB425A}.Debug|Any CPU.Build.0 = Debug|Any CPU
		{FE11915E-0653-4BB5-8B79-F37ED1FB425A}.Release|Any CPU.ActiveCfg = Release|Any CPU
		{FE11915E-0653-4BB5-8B79-F37ED1FB425A}.Release|Any CPU.Build.0 = Release|Any CPU
		{EDC49381-2065-4E0F-9F27-253F15BA2A06}.Debug|Any CPU.ActiveCfg = Debug|Any CPU
		{EDC49381-2065-4E0F-9F27-253F15BA2A06}.Debug|Any CPU.Build.0 = Debug|Any CPU
		{EDC49381-2065-4E0F-9F27-253F15BA2A06}.Release|Any CPU.ActiveCfg = Release|Any CPU
		{EDC49381-2065-4E0F-9F27-253F15BA2A06}.Release|Any CPU.Build.0 = Release|Any CPU
		{0B174661-CBBD-4F69-BDA3-1F824C2A883F}.Debug|Any CPU.ActiveCfg = Debug|Any CPU
		{0B174661-CBBD-4F69-BDA3-1F824C2A883F}.Debug|Any CPU.Build.0 = Debug|Any CPU
		{0B174661-CBBD-4F69-BDA3-1F824C2A883F}.Release|Any CPU.ActiveCfg = Release|Any CPU
		{0B174661-CBBD-4F69-BDA3-1F824C2A883F}.Release|Any CPU.Build.0 = Release|Any CPU
	EndGlobalSection
	GlobalSection(SolutionProperties) = preSolution
		HideSolutionNode = FALSE
	EndGlobalSection
	GlobalSection(ExtensibilityGlobals) = postSolution
		SolutionGuid = {0FA44B63-0841-4B4E-BD15-D85E4C143004}
	EndGlobalSection
EndGlobal
