
Microsoft Visual Studio Solution File, Format Version 12.00
# Visual Studio Version 17
VisualStudioVersion = 17.0.31717.71
MinimumVisualStudioVersion = 10.0.40219.1
Project("{E7A6EF1C-952C-43EC-A719-69025033E00C}") = "MudBlazorTemplates1.Server", "Server\MudBlazorTemplates1.Server.csproj", "{7F2F81E7-EAA4-48F8-8FC9-B304B237E2AC}"
EndProject
Project("{E7A6EF1C-952C-43EC-A719-69025033E00C}") = "MudBlazorTemplates1.Client", "Client\MudBlazorTemplates1.Client.csproj", "{7158503C-6FA4-4639-A220-A7DE9526BB07}"
EndProject
Project("{E7A6EF1C-952C-43EC-A719-69025033E00C}") = "MudBlazorTemplates1.Shared", "Shared\MudBlazorTemplates1.Shared.csproj", "{BC6A8316-3E05-454F-98A2-0074CEBE382D}"
EndProject
Global
	GlobalSection(SolutionConfigurationPlatforms) = preSolution
		Debug|Any CPU = Debug|Any CPU
		Release|Any CPU = Release|Any CPU
	EndGlobalSection
	GlobalSection(ProjectConfigurationPlatforms) = postSolution
		{7F2F81E7-EAA4-48F8-8FC9-B304B237E2AC}.Debug|Any CPU.ActiveCfg = Debug|Any CPU
		{7F2F81E7-EAA4-48F8-8FC9-B304B237E2AC}.Debug|Any CPU.Build.0 = Debug|Any CPU
		{7F2F81E7-EAA4-48F8-8FC9-B304B237E2AC}.Release|Any CPU.ActiveCfg = Release|Any CPU
		{7F2F81E7-EAA4-48F8-8FC9-B304B237E2AC}.Release|Any CPU.Build.0 = Release|Any CPU
		{7158503C-6FA4-4639-A220-A7DE9526BB07}.Debug|Any CPU.ActiveCfg = Debug|Any CPU
		{7158503C-6FA4-4639-A220-A7DE9526BB07}.Debug|Any CPU.Build.0 = Debug|Any CPU
		{7158503C-6FA4-4639-A220-A7DE9526BB07}.Release|Any CPU.ActiveCfg = Release|Any CPU
		{7158503C-6FA4-4639-A220-A7DE9526BB07}.Release|Any CPU.Build.0 = Release|Any CPU
		{BC6A8316-3E05-454F-98A2-0074CEBE382D}.Debug|Any CPU.ActiveCfg = Debug|Any CPU
		{BC6A8316-3E05-454F-98A2-0074CEBE382D}.Debug|Any CPU.Build.0 = Debug|Any CPU
		{BC6A8316-3E05-454F-98A2-0074CEBE382D}.Release|Any CPU.ActiveCfg = Release|Any CPU
		{BC6A8316-3E05-454F-98A2-0074CEBE382D}.Release|Any CPU.Build.0 = Release|Any CPU
	EndGlobalSection
	GlobalSection(SolutionProperties) = preSolution
		HideSolutionNode = FALSE
	EndGlobalSection
	GlobalSection(ExtensibilityGlobals) = postSolution
		SolutionGuid = {D5A8ABF0-D660-45E4-A1F8-B3F85A5A2843}
	EndGlobalSection
EndGlobal